
Microsoft Visual Studio Solution File, Format Version 12.00
# Visual Studio 14
VisualStudioVersion = 14.0.25420.1
MinimumVisualStudioVersion = 10.0.40219.1
Project("{2150E333-8FDC-42A3-9474-1A3956D46DE8}") = "src", "src", "{C68CCF4C-8270-4680-AA32-CCE4843477E0}"
EndProject
Project("{2150E333-8FDC-42A3-9474-1A3956D46DE8}") = "Solution Items", "Solution Items", "{630493E7-49D4-4BF6-904C-E50D1E767871}"
	ProjectSection(SolutionItems) = preProject
		global.json = global.json
	EndProjectSection
EndProject
Project("{8BB2217D-0F2D-49D1-97BC-3654ED321F3B}") = "InterferonBeta1bInjectionRecorder", "src\InterferonBeta1bInjectionRecorder\InterferonBeta1bInjectionRecorder.xproj", "{7857FDEE-CEB2-491B-AD46-FF316DDF381D}"
EndProject
Global
	GlobalSection(SolutionConfigurationPlatforms) = preSolution
		Debug|Any CPU = Debug|Any CPU
		Release|Any CPU = Release|Any CPU
	EndGlobalSection
	GlobalSection(ProjectConfigurationPlatforms) = postSolution
		{7857FDEE-CEB2-491B-AD46-FF316DDF381D}.Debug|Any CPU.ActiveCfg = Debug|Any CPU
		{7857FDEE-CEB2-491B-AD46-FF316DDF381D}.Debug|Any CPU.Build.0 = Debug|Any CPU
		{7857FDEE-CEB2-491B-AD46-FF316DDF381D}.Release|Any CPU.ActiveCfg = Release|Any CPU
		{7857FDEE-CEB2-491B-AD46-FF316DDF381D}.Release|Any CPU.Build.0 = Release|Any CPU
	EndGlobalSection
	GlobalSection(SolutionProperties) = preSolution
		HideSolutionNode = FALSE
	EndGlobalSection
	GlobalSection(NestedProjects) = preSolution
		{7857FDEE-CEB2-491B-AD46-FF316DDF381D} = {C68CCF4C-8270-4680-AA32-CCE4843477E0}
	EndGlobalSection
EndGlobal
